// !$*UTF8*$!
{
	archiveVersion = 1;
	classes = {
	};
	objectVersion = 48;
	objects = {

/* Begin PBXBuildFile section */
		4D2E9BCE2995019C9BB1B7E1 /* Pods_Chatsenger___NoStoryboard.framework in Frameworks */ = {isa = PBXBuildFile; fileRef = AC79DA4CA8902410337E8730 /* Pods_Chatsenger___NoStoryboard.framework */; };
		D13B4D381F94CC5700B4364D /* NewMessageController.swift in Sources */ = {isa = PBXBuildFile; fileRef = D13B4D371F94CC5700B4364D /* NewMessageController.swift */; };
		D13B4D3A1F94CFEA00B4364D /* User.swift in Sources */ = {isa = PBXBuildFile; fileRef = D13B4D391F94CFEA00B4364D /* User.swift */; };
		D13B4D3C1F94E2C700B4364D /* LoginController+handlers.swift in Sources */ = {isa = PBXBuildFile; fileRef = D13B4D3B1F94E2C700B4364D /* LoginController+handlers.swift */; };
		D1D646F01F9486150010A541 /* AppDelegate.swift in Sources */ = {isa = PBXBuildFile; fileRef = D1D646EF1F9486150010A541 /* AppDelegate.swift */; };
		D1D646F21F9486150010A541 /* MessagesController.swift in Sources */ = {isa = PBXBuildFile; fileRef = D1D646F11F9486150010A541 /* MessagesController.swift */; };
		D1D646F51F9486150010A541 /* Main.storyboard in Resources */ = {isa = PBXBuildFile; fileRef = D1D646F31F9486150010A541 /* Main.storyboard */; };
		D1D646F71F9486150010A541 /* Assets.xcassets in Resources */ = {isa = PBXBuildFile; fileRef = D1D646F61F9486150010A541 /* Assets.xcassets */; };
		D1D646FA1F9486150010A541 /* LaunchScreen.storyboard in Resources */ = {isa = PBXBuildFile; fileRef = D1D646F81F9486150010A541 /* LaunchScreen.storyboard */; };
		D1D647021F9487DC0010A541 /* LoginController.swift in Sources */ = {isa = PBXBuildFile; fileRef = D1D647011F9487DC0010A541 /* LoginController.swift */; };
		D1D647041F94BB860010A541 /* GoogleService-Info.plist in Resources */ = {isa = PBXBuildFile; fileRef = D1D647031F94BB7F0010A541 /* GoogleService-Info.plist */; };
/* End PBXBuildFile section */

/* Begin PBXFileReference section */
		07DF13140FD5073D89A2F194 /* Pods-Chatsenger - NoStoryboard.debug.xcconfig */ = {isa = PBXFileReference; includeInIndex = 1; lastKnownFileType = text.xcconfig; name = "Pods-Chatsenger - NoStoryboard.debug.xcconfig"; path = "Pods/Target Support Files/Pods-Chatsenger - NoStoryboard/Pods-Chatsenger - NoStoryboard.debug.xcconfig"; sourceTree = "<group>"; };
		AC79DA4CA8902410337E8730 /* Pods_Chatsenger___NoStoryboard.framework */ = {isa = PBXFileReference; explicitFileType = wrapper.framework; includeInIndex = 0; path = "Pods_Chatsenger___NoStoryboard.framework"; sourceTree = BUILT_PRODUCTS_DIR; };
		D0C5565A67D63D34E7BB91CC /* Pods-Chatsenger - NoStoryboard.release.xcconfig */ = {isa = PBXFileReference; includeInIndex = 1; lastKnownFileType = text.xcconfig; name = "Pods-Chatsenger - NoStoryboard.release.xcconfig"; path = "Pods/Target Support Files/Pods-Chatsenger - NoStoryboard/Pods-Chatsenger - NoStoryboard.release.xcconfig"; sourceTree = "<group>"; };
		D13B4D371F94CC5700B4364D /* NewMessageController.swift */ = {isa = PBXFileReference; lastKnownFileType = sourcecode.swift; path = NewMessageController.swift; sourceTree = "<group>"; };
		D13B4D391F94CFEA00B4364D /* User.swift */ = {isa = PBXFileReference; lastKnownFileType = sourcecode.swift; path = User.swift; sourceTree = "<group>"; };
		D13B4D3B1F94E2C700B4364D /* LoginController+handlers.swift */ = {isa = PBXFileReference; lastKnownFileType = sourcecode.swift; path = "LoginController+handlers.swift"; sourceTree = "<group>"; };
		D1D646EC1F9486150010A541 /* Chatsenger - NoStoryboard.app */ = {isa = PBXFileReference; explicitFileType = wrapper.application; includeInIndex = 0; path = "Chatsenger - NoStoryboard.app"; sourceTree = BUILT_PRODUCTS_DIR; };
		D1D646EF1F9486150010A541 /* AppDelegate.swift */ = {isa = PBXFileReference; lastKnownFileType = sourcecode.swift; path = AppDelegate.swift; sourceTree = "<group>"; };
		D1D646F11F9486150010A541 /* MessagesController.swift */ = {isa = PBXFileReference; lastKnownFileType = sourcecode.swift; path = MessagesController.swift; sourceTree = "<group>"; };
		D1D646F41F9486150010A541 /* Base */ = {isa = PBXFileReference; lastKnownFileType = file.storyboard; name = Base; path = Base.lproj/Main.storyboard; sourceTree = "<group>"; };
		D1D646F61F9486150010A541 /* Assets.xcassets */ = {isa = PBXFileReference; lastKnownFileType = folder.assetcatalog; path = Assets.xcassets; sourceTree = "<group>"; };
		D1D646F91F9486150010A541 /* Base */ = {isa = PBXFileReference; lastKnownFileType = file.storyboard; name = Base; path = Base.lproj/LaunchScreen.storyboard; sourceTree = "<group>"; };
		D1D646FB1F9486150010A541 /* Info.plist */ = {isa = PBXFileReference; lastKnownFileType = text.plist.xml; path = Info.plist; sourceTree = "<group>"; };
		D1D647011F9487DC0010A541 /* LoginController.swift */ = {isa = PBXFileReference; lastKnownFileType = sourcecode.swift; path = LoginController.swift; sourceTree = "<group>"; };
		D1D647031F94BB7F0010A541 /* GoogleService-Info.plist */ = {isa = PBXFileReference; lastKnownFileType = text.plist.xml; path = "GoogleService-Info.plist"; sourceTree = "<group>"; };
/* End PBXFileReference section */

/* Begin PBXFrameworksBuildPhase section */
		D1D646E91F9486150010A541 /* Frameworks */ = {
			isa = PBXFrameworksBuildPhase;
			buildActionMask = 2147483647;
			files = (
				4D2E9BCE2995019C9BB1B7E1 /* Pods_Chatsenger___NoStoryboard.framework in Frameworks */,
			);
			runOnlyForDeploymentPostprocessing = 0;
		};
/* End PBXFrameworksBuildPhase section */

/* Begin PBXGroup section */
		35A7108B72BD1EE45D7010DC /* Frameworks */ = {
			isa = PBXGroup;
			children = (
				AC79DA4CA8902410337E8730 /* Pods_Chatsenger___NoStoryboard.framework */,
			);
			name = Frameworks;
			sourceTree = "<group>";
		};
		8FBDDB0873DE277CA6A15D86 /* Pods */ = {
			isa = PBXGroup;
			children = (
				07DF13140FD5073D89A2F194 /* Pods-Chatsenger - NoStoryboard.debug.xcconfig */,
				D0C5565A67D63D34E7BB91CC /* Pods-Chatsenger - NoStoryboard.release.xcconfig */,
			);
			name = Pods;
			sourceTree = "<group>";
		};
		D13B4D331F94CA2700B4364D /* Controller */ = {
			isa = PBXGroup;
			children = (
				D1D646F11F9486150010A541 /* MessagesController.swift */,
				D13B4D371F94CC5700B4364D /* NewMessageController.swift */,
				D1D647011F9487DC0010A541 /* LoginController.swift */,
				D13B4D3B1F94E2C700B4364D /* LoginController+handlers.swift */,
			);
			path = Controller;
			sourceTree = "<group>";
		};
		D13B4D341F94CA5D00B4364D /* View */ = {
			isa = PBXGroup;
			children = (
			);
			path = View;
			sourceTree = "<group>";
		};
		D13B4D361F94CA7A00B4364D /* Model */ = {
			isa = PBXGroup;
			children = (
				D13B4D391F94CFEA00B4364D /* User.swift */,
			);
			path = Model;
			sourceTree = "<group>";
		};
		D1D646E31F9486150010A541 = {
			isa = PBXGroup;
			children = (
				D1D646EE1F9486150010A541 /* Chatsenger - NoStoryboard */,
				D1D646ED1F9486150010A541 /* Products */,
				8FBDDB0873DE277CA6A15D86 /* Pods */,
				35A7108B72BD1EE45D7010DC /* Frameworks */,
			);
			sourceTree = "<group>";
		};
		D1D646ED1F9486150010A541 /* Products */ = {
			isa = PBXGroup;
			children = (
				D1D646EC1F9486150010A541 /* Chatsenger - NoStoryboard.app */,
			);
			name = Products;
			sourceTree = "<group>";
		};
		D1D646EE1F9486150010A541 /* Chatsenger - NoStoryboard */ = {
			isa = PBXGroup;
			children = (
				D13B4D361F94CA7A00B4364D /* Model */,
				D13B4D341F94CA5D00B4364D /* View */,
				D13B4D331F94CA2700B4364D /* Controller */,
				D1D646EF1F9486150010A541 /* AppDelegate.swift */,
				D1D646F31F9486150010A541 /* Main.storyboard */,
				D1D646F61F9486150010A541 /* Assets.xcassets */,
				D1D646F81F9486150010A541 /* LaunchScreen.storyboard */,
				D1D647031F94BB7F0010A541 /* GoogleService-Info.plist */,
				D1D646FB1F9486150010A541 /* Info.plist */,
			);
			path = "Chatsenger - NoStoryboard";
			sourceTree = "<group>";
		};
/* End PBXGroup section */

/* Begin PBXNativeTarget section */
		D1D646EB1F9486150010A541 /* Chatsenger - NoStoryboard */ = {
			isa = PBXNativeTarget;
			buildConfigurationList = D1D646FE1F9486150010A541 /* Build configuration list for PBXNativeTarget "Chatsenger - NoStoryboard" */;
			buildPhases = (
				EC70CA55A18C21B331CB5FC7 /* [CP] Check Pods Manifest.lock */,
				D1D646E81F9486150010A541 /* Sources */,
				D1D646E91F9486150010A541 /* Frameworks */,
				D1D646EA1F9486150010A541 /* Resources */,
				85E7BE02C59FAD56FB6C3863 /* [CP] Embed Pods Frameworks */,
				48C68F594A5A0798E566E48C /* [CP] Copy Pods Resources */,
			);
			buildRules = (
			);
			dependencies = (
			);
			name = "Chatsenger - NoStoryboard";
			productName = "Chatsenger - NoStoryboard";
			productReference = D1D646EC1F9486150010A541 /* Chatsenger - NoStoryboard.app */;
			productType = "com.apple.product-type.application";
		};
/* End PBXNativeTarget section */

/* Begin PBXProject section */
		D1D646E41F9486150010A541 /* Project object */ = {
			isa = PBXProject;
			attributes = {
				LastSwiftUpdateCheck = 0900;
				LastUpgradeCheck = 0900;
				ORGANIZATIONNAME = PoGo;
				TargetAttributes = {
					D1D646EB1F9486150010A541 = {
						CreatedOnToolsVersion = 9.0;
						ProvisioningStyle = Automatic;
					};
				};
			};
			buildConfigurationList = D1D646E71F9486150010A541 /* Build configuration list for PBXProject "Chatsenger - NoStoryboard" */;
			compatibilityVersion = "Xcode 8.0";
			developmentRegion = en;
			hasScannedForEncodings = 0;
			knownRegions = (
				en,
				Base,
			);
			mainGroup = D1D646E31F9486150010A541;
			productRefGroup = D1D646ED1F9486150010A541 /* Products */;
			projectDirPath = "";
			projectRoot = "";
			targets = (
				D1D646EB1F9486150010A541 /* Chatsenger - NoStoryboard */,
			);
		};
/* End PBXProject section */

/* Begin PBXResourcesBuildPhase section */
		D1D646EA1F9486150010A541 /* Resources */ = {
			isa = PBXResourcesBuildPhase;
			buildActionMask = 2147483647;
			files = (
				D1D646FA1F9486150010A541 /* LaunchScreen.storyboard in Resources */,
				D1D647041F94BB860010A541 /* GoogleService-Info.plist in Resources */,
				D1D646F71F9486150010A541 /* Assets.xcassets in Resources */,
				D1D646F51F9486150010A541 /* Main.storyboard in Resources */,
			);
			runOnlyForDeploymentPostprocessing = 0;
		};
/* End PBXResourcesBuildPhase section */

/* Begin PBXShellScriptBuildPhase section */
		48C68F594A5A0798E566E48C /* [CP] Copy Pods Resources */ = {
			isa = PBXShellScriptBuildPhase;
			buildActionMask = 2147483647;
			files = (
			);
			inputPaths = (
			);
			name = "[CP] Copy Pods Resources";
			outputPaths = (
			);
			runOnlyForDeploymentPostprocessing = 0;
			shellPath = /bin/sh;
			shellScript = "\"${SRCROOT}/Pods/Target Support Files/Pods-Chatsenger - NoStoryboard/Pods-Chatsenger - NoStoryboard-resources.sh\"\n";
			showEnvVarsInLog = 0;
		};
		85E7BE02C59FAD56FB6C3863 /* [CP] Embed Pods Frameworks */ = {
			isa = PBXShellScriptBuildPhase;
			buildActionMask = 2147483647;
			files = (
			);
			inputPaths = (
			);
			name = "[CP] Embed Pods Frameworks";
			outputPaths = (
			);
			runOnlyForDeploymentPostprocessing = 0;
			shellPath = /bin/sh;
			shellScript = "\"${SRCROOT}/Pods/Target Support Files/Pods-Chatsenger - NoStoryboard/Pods-Chatsenger - NoStoryboard-frameworks.sh\"\n";
			showEnvVarsInLog = 0;
		};
		EC70CA55A18C21B331CB5FC7 /* [CP] Check Pods Manifest.lock */ = {
			isa = PBXShellScriptBuildPhase;
			buildActionMask = 2147483647;
			files = (
			);
			inputPaths = (
			);
			name = "[CP] Check Pods Manifest.lock";
			outputPaths = (
			);
			runOnlyForDeploymentPostprocessing = 0;
			shellPath = /bin/sh;
			shellScript = "diff \"${PODS_ROOT}/../Podfile.lock\" \"${PODS_ROOT}/Manifest.lock\" > /dev/null\nif [ $? != 0 ] ; then\n    # print error to STDERR\n    echo \"error: The sandbox is not in sync with the Podfile.lock. Run 'pod install' or update your CocoaPods installation.\" >&2\n    exit 1\nfi\n";
			showEnvVarsInLog = 0;
		};
/* End PBXShellScriptBuildPhase section */

/* Begin PBXSourcesBuildPhase section */
		D1D646E81F9486150010A541 /* Sources */ = {
			isa = PBXSourcesBuildPhase;
			buildActionMask = 2147483647;
			files = (
				D13B4D381F94CC5700B4364D /* NewMessageController.swift in Sources */,
				D1D646F21F9486150010A541 /* MessagesController.swift in Sources */,
				D13B4D3C1F94E2C700B4364D /* LoginController+handlers.swift in Sources */,
				D1D647021F9487DC0010A541 /* LoginController.swift in Sources */,
				D13B4D3A1F94CFEA00B4364D /* User.swift in Sources */,
				D1D646F01F9486150010A541 /* AppDelegate.swift in Sources */,
			);
			runOnlyForDeploymentPostprocessing = 0;
		};
/* End PBXSourcesBuildPhase section */

/* Begin PBXVariantGroup section */
		D1D646F31F9486150010A541 /* Main.storyboard */ = {
			isa = PBXVariantGroup;
			children = (
				D1D646F41F9486150010A541 /* Base */,
			);
			name = Main.storyboard;
			sourceTree = "<group>";
		};
		D1D646F81F9486150010A541 /* LaunchScreen.storyboard */ = {
			isa = PBXVariantGroup;
			children = (
				D1D646F91F9486150010A541 /* Base */,
			);
			name = LaunchScreen.storyboard;
			sourceTree = "<group>";
		};
/* End PBXVariantGroup section */

/* Begin XCBuildConfiguration section */
		D1D646FC1F9486150010A541 /* Debug */ = {
			isa = XCBuildConfiguration;
			buildSettings = {
				ALWAYS_SEARCH_USER_PATHS = NO;
				CLANG_ANALYZER_NONNULL = YES;
				CLANG_ANALYZER_NUMBER_OBJECT_CONVERSION = YES_AGGRESSIVE;
				CLANG_CXX_LANGUAGE_STANDARD = "gnu++14";
				CLANG_CXX_LIBRARY = "libc++";
				CLANG_ENABLE_MODULES = YES;
				CLANG_ENABLE_OBJC_ARC = YES;
				CLANG_WARN_BLOCK_CAPTURE_AUTORELEASING = YES;
				CLANG_WARN_BOOL_CONVERSION = YES;
				CLANG_WARN_COMMA = YES;
				CLANG_WARN_CONSTANT_CONVERSION = YES;
				CLANG_WARN_DIRECT_OBJC_ISA_USAGE = YES_ERROR;
				CLANG_WARN_DOCUMENTATION_COMMENTS = YES;
				CLANG_WARN_EMPTY_BODY = YES;
				CLANG_WARN_ENUM_CONVERSION = YES;
				CLANG_WARN_INFINITE_RECURSION = YES;
				CLANG_WARN_INT_CONVERSION = YES;
				CLANG_WARN_NON_LITERAL_NULL_CONVERSION = YES;
				CLANG_WARN_OBJC_LITERAL_CONVERSION = YES;
				CLANG_WARN_OBJC_ROOT_CLASS = YES_ERROR;
				CLANG_WARN_RANGE_LOOP_ANALYSIS = YES;
				CLANG_WARN_STRICT_PROTOTYPES = YES;
				CLANG_WARN_SUSPICIOUS_MOVE = YES;
				CLANG_WARN_UNGUARDED_AVAILABILITY = YES_AGGRESSIVE;
				CLANG_WARN_UNREACHABLE_CODE = YES;
				CLANG_WARN__DUPLICATE_METHOD_MATCH = YES;
				CODE_SIGN_IDENTITY = "iPhone Developer";
				COPY_PHASE_STRIP = NO;
				DEBUG_INFORMATION_FORMAT = dwarf;
				ENABLE_STRICT_OBJC_MSGSEND = YES;
				ENABLE_TESTABILITY = YES;
				GCC_C_LANGUAGE_STANDARD = gnu11;
				GCC_DYNAMIC_NO_PIC = NO;
				GCC_NO_COMMON_BLOCKS = YES;
				GCC_OPTIMIZATION_LEVEL = 0;
				GCC_PREPROCESSOR_DEFINITIONS = (
					"DEBUG=1",
					"$(inherited)",
				);
				GCC_WARN_64_TO_32_BIT_CONVERSION = YES;
				GCC_WARN_ABOUT_RETURN_TYPE = YES_ERROR;
				GCC_WARN_UNDECLARED_SELECTOR = YES;
				GCC_WARN_UNINITIALIZED_AUTOS = YES_AGGRESSIVE;
				GCC_WARN_UNUSED_FUNCTION = YES;
				GCC_WARN_UNUSED_VARIABLE = YES;
				IPHONEOS_DEPLOYMENT_TARGET = 11.0;
				MTL_ENABLE_DEBUG_INFO = YES;
				ONLY_ACTIVE_ARCH = YES;
				SDKROOT = iphoneos;
				SWIFT_ACTIVE_COMPILATION_CONDITIONS = DEBUG;
				SWIFT_OPTIMIZATION_LEVEL = "-Onone";
			};
			name = Debug;
		};
		D1D646FD1F9486150010A541 /* Release */ = {
			isa = XCBuildConfiguration;
			buildSettings = {
				ALWAYS_SEARCH_USER_PATHS = NO;
				CLANG_ANALYZER_NONNULL = YES;
				CLANG_ANALYZER_NUMBER_OBJECT_CONVERSION = YES_AGGRESSIVE;
				CLANG_CXX_LANGUAGE_STANDARD = "gnu++14";
				CLANG_CXX_LIBRARY = "libc++";
				CLANG_ENABLE_MODULES = YES;
				CLANG_ENABLE_OBJC_ARC = YES;
				CLANG_WARN_BLOCK_CAPTURE_AUTORELEASING = YES;
				CLANG_WARN_BOOL_CONVERSION = YES;
				CLANG_WARN_COMMA = YES;
				CLANG_WARN_CONSTANT_CONVERSION = YES;
				CLANG_WARN_DIRECT_OBJC_ISA_USAGE = YES_ERROR;
				CLANG_WARN_DOCUMENTATION_COMMENTS = YES;
				CLANG_WARN_EMPTY_BODY = YES;
				CLANG_WARN_ENUM_CONVERSION = YES;
				CLANG_WARN_INFINITE_RECURSION = YES;
				CLANG_WARN_INT_CONVERSION = YES;
				CLANG_WARN_NON_LITERAL_NULL_CONVERSION = YES;
				CLANG_WARN_OBJC_LITERAL_CONVERSION = YES;
				CLANG_WARN_OBJC_ROOT_CLASS = YES_ERROR;
				CLANG_WARN_RANGE_LOOP_ANALYSIS = YES;
				CLANG_WARN_STRICT_PROTOTYPES = YES;
				CLANG_WARN_SUSPICIOUS_MOVE = YES;
				CLANG_WARN_UNGUARDED_AVAILABILITY = YES_AGGRESSIVE;
				CLANG_WARN_UNREACHABLE_CODE = YES;
				CLANG_WARN__DUPLICATE_METHOD_MATCH = YES;
				CODE_SIGN_IDENTITY = "iPhone Developer";
				COPY_PHASE_STRIP = NO;
				DEBUG_INFORMATION_FORMAT = "dwarf-with-dsym";
				ENABLE_NS_ASSERTIONS = NO;
				ENABLE_STRICT_OBJC_MSGSEND = YES;
				GCC_C_LANGUAGE_STANDARD = gnu11;
				GCC_NO_COMMON_BLOCKS = YES;
				GCC_WARN_64_TO_32_BIT_CONVERSION = YES;
				GCC_WARN_ABOUT_RETURN_TYPE = YES_ERROR;
				GCC_WARN_UNDECLARED_SELECTOR = YES;
				GCC_WARN_UNINITIALIZED_AUTOS = YES_AGGRESSIVE;
				GCC_WARN_UNUSED_FUNCTION = YES;
				GCC_WARN_UNUSED_VARIABLE = YES;
				IPHONEOS_DEPLOYMENT_TARGET = 11.0;
				MTL_ENABLE_DEBUG_INFO = NO;
				SDKROOT = iphoneos;
				SWIFT_OPTIMIZATION_LEVEL = "-Owholemodule";
				VALIDATE_PRODUCT = YES;
			};
			name = Release;
		};
		D1D646FF1F9486150010A541 /* Debug */ = {
			isa = XCBuildConfiguration;
			baseConfigurationReference = 07DF13140FD5073D89A2F194 /* Pods-Chatsenger - NoStoryboard.debug.xcconfig */;
			buildSettings = {
				ASSETCATALOG_COMPILER_APPICON_NAME = AppIcon;
				CODE_SIGN_STYLE = Automatic;
				DEVELOPMENT_TEAM = 6MD343B76Q;
				INFOPLIST_FILE = "Chatsenger - NoStoryboard/Info.plist";
				LD_RUNPATH_SEARCH_PATHS = "$(inherited) @executable_path/Frameworks";
				PRODUCT_BUNDLE_IDENTIFIER = "KevinVu.Chatsenger---NoStoryboard";
				PRODUCT_NAME = "$(TARGET_NAME)";
				SWIFT_VERSION = 4.0;
				TARGETED_DEVICE_FAMILY = "1,2";
			};
			name = Debug;
		};
		D1D647001F9486150010A541 /* Release */ = {
			isa = XCBuildConfiguration;
			baseConfigurationReference = D0C5565A67D63D34E7BB91CC /* Pods-Chatsenger - NoStoryboard.release.xcconfig */;
			buildSettings = {
				ASSETCATALOG_COMPILER_APPICON_NAME = AppIcon;
				CODE_SIGN_STYLE = Automatic;
				DEVELOPMENT_TEAM = 6MD343B76Q;
				INFOPLIST_FILE = "Chatsenger - NoStoryboard/Info.plist";
				LD_RUNPATH_SEARCH_PATHS = "$(inherited) @executable_path/Frameworks";
				PRODUCT_BUNDLE_IDENTIFIER = "KevinVu.Chatsenger---NoStoryboard";
				PRODUCT_NAME = "$(TARGET_NAME)";
				SWIFT_VERSION = 4.0;
				TARGETED_DEVICE_FAMILY = "1,2";
			};
			name = Release;
		};
/* End XCBuildConfiguration section */

/* Begin XCConfigurationList section */
		D1D646E71F9486150010A541 /* Build configuration list for PBXProject "Chatsenger - NoStoryboard" */ = {
			isa = XCConfigurationList;
			buildConfigurations = (
				D1D646FC1F9486150010A541 /* Debug */,
				D1D646FD1F9486150010A541 /* Release */,
			);
			defaultConfigurationIsVisible = 0;
			defaultConfigurationName = Release;
		};
		D1D646FE1F9486150010A541 /* Build configuration list for PBXNativeTarget "Chatsenger - NoStoryboard" */ = {
			isa = XCConfigurationList;
			buildConfigurations = (
				D1D646FF1F9486150010A541 /* Debug */,
				D1D647001F9486150010A541 /* Release */,
			);
			defaultConfigurationIsVisible = 0;
			defaultConfigurationName = Release;
		};
/* End XCConfigurationList section */
	};
	rootObject = D1D646E41F9486150010A541 /* Project object */;
}
